
Microsoft Visual Studio Solution File, Format Version 12.00
# Visual Studio Version 17
VisualStudioVersion = 17.0.31903.59
MinimumVisualStudioVersion = 10.0.40219.1
Project("{FAE04EC0-301F-11D3-BF4B-00C04F79EFBC}") = "API", "API\API.csproj", "{554CDBBB-0174-4C5F-A5F7-AB2A98DC851C}"
EndProject
Project("{FAE04EC0-301F-11D3-BF4B-00C04F79EFBC}") = "Application", "Application\Application.csproj", "{AFE38C9F-BD22-41B2-8A72-F4E6192F4F12}"
EndProject
Project("{FAE04EC0-301F-11D3-BF4B-00C04F79EFBC}") = "Domain", "Domain\Domain.csproj", "{A96C0F4B-4217-4E15-BFBC-6A9AE8B52D09}"
EndProject
Project("{FAE04EC0-301F-11D3-BF4B-00C04F79EFBC}") = "Persistence", "Persistence\Persistence.csproj", "{679B9022-2EEB-46BC-AA11-53FD4CDCDA33}"
EndProject
Global
	GlobalSection(SolutionConfigurationPlatforms) = preSolution
		Debug|Any CPU = Debug|Any CPU
		Release|Any CPU = Release|Any CPU
	EndGlobalSection
	GlobalSection(SolutionProperties) = preSolution
		HideSolutionNode = FALSE
	EndGlobalSection
	GlobalSection(ProjectConfigurationPlatforms) = postSolution
		{554CDBBB-0174-4C5F-A5F7-AB2A98DC851C}.Debug|Any CPU.ActiveCfg = Debug|Any CPU
		{554CDBBB-0174-4C5F-A5F7-AB2A98DC851C}.Debug|Any CPU.Build.0 = Debug|Any CPU
		{554CDBBB-0174-4C5F-A5F7-AB2A98DC851C}.Release|Any CPU.ActiveCfg = Release|Any CPU
		{554CDBBB-0174-4C5F-A5F7-AB2A98DC851C}.Release|Any CPU.Build.0 = Release|Any CPU
		{AFE38C9F-BD22-41B2-8A72-F4E6192F4F12}.Debug|Any CPU.ActiveCfg = Debug|Any CPU
		{AFE38C9F-BD22-41B2-8A72-F4E6192F4F12}.Debug|Any CPU.Build.0 = Debug|Any CPU
		{AFE38C9F-BD22-41B2-8A72-F4E6192F4F12}.Release|Any CPU.ActiveCfg = Release|Any CPU
		{AFE38C9F-BD22-41B2-8A72-F4E6192F4F12}.Release|Any CPU.Build.0 = Release|Any CPU
		{A96C0F4B-4217-4E15-BFBC-6A9AE8B52D09}.Debug|Any CPU.ActiveCfg = Debug|Any CPU
		{A96C0F4B-4217-4E15-BFBC-6A9AE8B52D09}.Debug|Any CPU.Build.0 = Debug|Any CPU
		{A96C0F4B-4217-4E15-BFBC-6A9AE8B52D09}.Release|Any CPU.ActiveCfg = Release|Any CPU
		{A96C0F4B-4217-4E15-BFBC-6A9AE8B52D09}.Release|Any CPU.Build.0 = Release|Any CPU
		{679B9022-2EEB-46BC-AA11-53FD4CDCDA33}.Debug|Any CPU.ActiveCfg = Debug|Any CPU
		{679B9022-2EEB-46BC-AA11-53FD4CDCDA33}.Debug|Any CPU.Build.0 = Debug|Any CPU
		{679B9022-2EEB-46BC-AA11-53FD4CDCDA33}.Release|Any CPU.ActiveCfg = Release|Any CPU
		{679B9022-2EEB-46BC-AA11-53FD4CDCDA33}.Release|Any CPU.Build.0 = Release|Any CPU
	EndGlobalSection
EndGlobal
